schema: '2.0'
stages:
  data_ingestion:
    cmd: python src/data_ingestion.py
    deps:
    - path: src/data_ingestion.py
      hash: md5
      md5: 6740793c7600bbfff0ce028c7a512d4a
      size: 3652
    outs:
    - path: data/raw
      hash: md5
      md5: d26befd2dda9438254177d9000d9ba1f.dir
      size: 484846
      nfiles: 2
  data_preprocessing:
    cmd: python src/data_preprocessing.py
    deps:
    - path: data/raw
      hash: md5
      md5: d26befd2dda9438254177d9000d9ba1f.dir
      size: 484846
      nfiles: 2
    - path: src/data_preprocessing.py
      hash: md5
      md5: fe4c0e159e9bbc978ff1a4428d329b29
      size: 4029
    outs:
    - path: data/interim
      hash: md5
      md5: 61ca13b2e20854a1f7bacbbcfeca409e.dir
      size: 262513
      nfiles: 2
  feature_engineering:
    cmd: python src/feature_engineering.py
    deps:
    - path: data/interim
      hash: md5
      md5: 61ca13b2e20854a1f7bacbbcfeca409e.dir
      size: 262513
      nfiles: 2
    - path: src/feature_engineering.py
      hash: md5
      md5: d2cc8c5b6fda780aaded99dae3da3fef
      size: 3912
    outs:
    - path: data/processed
      hash: md5
      md5: a8caa45e5aaa41c461bce982bf93c838.dir
      size: 840711
      nfiles: 2
  model_building:
    cmd: python src/model_building.py
    deps:
    - path: data/processed
      hash: md5
      md5: a8caa45e5aaa41c461bce982bf93c838.dir
      size: 840711
      nfiles: 2
    - path: src/model_building.py
      hash: md5
      md5: 176a57b65662c92829f776ac044b49e2
      size: 4513
    outs:
    - path: models/model.pkl
      hash: md5
      md5: b8c02f6dc4ee7552702dd0d1cf0b6434
      size: 584253
  model_evaluation:
    cmd: python src/model_evaluation.py
    deps:
    - path: models/model.pkl
      hash: md5
      md5: b8c02f6dc4ee7552702dd0d1cf0b6434
      size: 584253
    - path: src/model_evaluation.py
      hash: md5
      md5: 99ab6be1dcbf23a3ca26d285d5dd1cc4
      size: 4649
    outs:
    - path: reports/metrics.json
      hash: md5
      md5: 1335eda9e92a47d774ce9eff9935d9bd
      size: 145
