schema: '2.0'
stages:
  data_ingestion:
    cmd: python src/data_ingestion.py
    deps:
    - path: src/data_ingestion.py
      hash: md5
      md5: 6740793c7600bbfff0ce028c7a512d4a
      size: 3652
    outs:
    - path: data/raw
      hash: md5
      md5: d26befd2dda9438254177d9000d9ba1f.dir
      size: 484846
      nfiles: 2
  data_preprocessing:
    cmd: python src/data_preprocessing.py
    deps:
    - path: data/raw
      hash: md5
      md5: d26befd2dda9438254177d9000d9ba1f.dir
      size: 484846
      nfiles: 2
    - path: src/data_preprocessing.py
      hash: md5
      md5: fe4c0e159e9bbc978ff1a4428d329b29
      size: 4029
    outs:
    - path: data/interim
      hash: md5
      md5: 61ca13b2e20854a1f7bacbbcfeca409e.dir
      size: 262513
      nfiles: 2
  feature_engineering:
    cmd: python src/feature_engineering.py
    deps:
    - path: data/interim
      hash: md5
      md5: 61ca13b2e20854a1f7bacbbcfeca409e.dir
      size: 262513
      nfiles: 2
    - path: src/feature_engineering.py
      hash: md5
      md5: d2cc8c5b6fda780aaded99dae3da3fef
      size: 3912
    outs:
    - path: data/processed
      hash: md5
      md5: a8caa45e5aaa41c461bce982bf93c838.dir
      size: 840711
      nfiles: 2
  model_building:
    cmd: python src/model_building.py
    deps:
    - path: data/processed
      hash: md5
      md5: a8caa45e5aaa41c461bce982bf93c838.dir
      size: 840711
      nfiles: 2
    - path: src/model_building.py
      hash: md5
      md5: d62f4253d4f19d15916f91db4ce82432
      size: 4425
    outs:
    - path: models/model.pkl
      hash: md5
      md5: fc7a0018ed7f66f9a1b4d69a02dc11c6
      size: 528484
  model_evaluation:
    cmd: python src/model_evaluation.py
    deps:
    - path: models/model.pkl
      hash: md5
      md5: fc7a0018ed7f66f9a1b4d69a02dc11c6
      size: 528484
    - path: src/model_evaluation.py
      hash: md5
      md5: 99ab6be1dcbf23a3ca26d285d5dd1cc4
      size: 4649
    outs:
    - path: reports/metrics.json
      hash: md5
      md5: a4e54f7b37638a5572bbcdc989a69a5a
      size: 143
